<?xml version="1.0" encoding="utf-8"?>
<Project ToolsVersion="17.0" xmlns="http://schemas.microsoft.com/developer/msbuild/2003">
  <ItemGroup>
    <ClCompile Include="C:\Users\Florch\source\repos\Test task\CurvesLibrary\ObjectFactory.cpp">
      <Filter>Source Files</Filter>
    </ClCompile>
    <ClCompile Include="C:\Users\Florch\source\repos\Test task\CurvesLibrary\Objects.cpp">
      <Filter>Source Files</Filter>
    </ClCompile>
    <ClCompile Include="C:\Users\Florch\source\repos\Test task\CurvesLibrary\Point3D.cpp">
      <Filter>Source Files</Filter>
    </ClCompile>
    <ClCompile Include="C:\Users\Florch\source\repos\Test task\CurvesLibrary\Vector3D.cpp">
      <Filter>Source Files</Filter>
    </ClCompile>
  </ItemGroup>
  <ItemGroup>
    <ClInclude Include="C:\Users\Florch\source\repos\Test task\CurvesLibrary\Comparison.h">
      <Filter>Header Files</Filter>
    </ClInclude>
    <ClInclude Include="C:\Users\Florch\source\repos\Test task\CurvesLibrary\ObjectFactory.h">
      <Filter>Header Files</Filter>
    </ClInclude>
    <ClInclude Include="C:\Users\Florch\source\repos\Test task\CurvesLibrary\Objects.h">
      <Filter>Header Files</Filter>
    </ClInclude>
    <ClInclude Include="C:\Users\Florch\source\repos\Test task\CurvesLibrary\ObjectTypes.h">
      <Filter>Header Files</Filter>
    </ClInclude>
    <ClInclude Include="C:\Users\Florch\source\repos\Test task\CurvesLibrary\Point3D.h">
      <Filter>Header Files</Filter>
    </ClInclude>
    <ClInclude Include="C:\Users\Florch\source\repos\Test task\CurvesLibrary\Vector3D.h">
      <Filter>Header Files</Filter>
    </ClInclude>
  </ItemGroup>
  <ItemGroup>
    <CustomBuild Include="C:\Users\Florch\source\repos\Test task\CurvesLibrary\CMakeLists.txt" />
  </ItemGroup>
  <ItemGroup>
    <Filter Include="Header Files">
      <UniqueIdentifier>{BCE62D61-A054-3D7F-A3EF-98B1FD4C81B9}</UniqueIdentifier>
    </Filter>
    <Filter Include="Source Files">
      <UniqueIdentifier>{230BBA3A-8044-3844-A441-FF7D30DCAE45}</UniqueIdentifier>
    </Filter>
  </ItemGroup>
</Project>
